
Microsoft Visual Studio Solution File, Format Version 12.00
# Visual Studio Version 17
VisualStudioVersion = 17.14.36518.9
MinimumVisualStudioVersion = 10.0.40219.1
Project("{FAE04EC0-301F-11D3-BF4B-00C04F79EFBC}") = "SurfLib", "SurfLib.csproj", "{BD221294-5D42-400A-A7DF-91D3C9CDA169}"
EndProject
Global
	GlobalSection(SolutionConfigurationPlatforms) = preSolution
		Debug|Any CPU = Debug|Any CPU
		Release|Any CPU = Release|Any CPU
	EndGlobalSection
	GlobalSection(ProjectConfigurationPlatforms) = postSolution
		{BD221294-5D42-400A-A7DF-91D3C9CDA169}.Debug|Any CPU.ActiveCfg = Debug|Any CPU
		{BD221294-5D42-400A-A7DF-91D3C9CDA169}.Debug|Any CPU.Build.0 = Debug|Any CPU
		{BD221294-5D42-400A-A7DF-91D3C9CDA169}.Release|Any CPU.ActiveCfg = Release|Any CPU
		{BD221294-5D42-400A-A7DF-91D3C9CDA169}.Release|Any CPU.Build.0 = Release|Any CPU
	EndGlobalSection
	GlobalSection(SolutionProperties) = preSolution
		HideSolutionNode = FALSE
	EndGlobalSection
	GlobalSection(ExtensibilityGlobals) = postSolution
		SolutionGuid = {B25A1F05-5AB3-45A0-AFEA-9C8627D84F08}
	EndGlobalSection
EndGlobal
